// !$*UTF8*$!
{
	archiveVersion = 1;
	classes = {
	};
	objectVersion = 48;
	objects = {

/* Begin PBXBuildFile section */
		8B22821920D591C8005493A5 /* AppDelegate.swift in Sources */ = {isa = PBXBuildFile; fileRef = 8B22821820D591C8005493A5 /* AppDelegate.swift */; };
		8B22821B20D591C8005493A5 /* ViewController.swift in Sources */ = {isa = PBXBuildFile; fileRef = 8B22821A20D591C8005493A5 /* ViewController.swift */; };
		8B22821E20D591C8005493A5 /* Main.storyboard in Resources */ = {isa = PBXBuildFile; fileRef = 8B22821C20D591C8005493A5 /* Main.storyboard */; };
		8B22822020D591C8005493A5 /* Assets.xcassets in Resources */ = {isa = PBXBuildFile; fileRef = 8B22821F20D591C8005493A5 /* Assets.xcassets */; };
		8B22822320D591C8005493A5 /* LaunchScreen.storyboard in Resources */ = {isa = PBXBuildFile; fileRef = 8B22822120D591C8005493A5 /* LaunchScreen.storyboard */; };
		8B22822820D591C8005493A5 /* bitcoin WatchKit App.app in Embed Watch Content */ = {isa = PBXBuildFile; fileRef = 8B22822720D591C8005493A5 /* bitcoin WatchKit App.app */; };
		8B22822E20D591C8005493A5 /* Interface.storyboard in Resources */ = {isa = PBXBuildFile; fileRef = 8B22822C20D591C8005493A5 /* Interface.storyboard */; };
		8B22823020D591C8005493A5 /* Assets.xcassets in Resources */ = {isa = PBXBuildFile; fileRef = 8B22822F20D591C8005493A5 /* Assets.xcassets */; };
		8B22823720D591C8005493A5 /* bitcoin WatchKit Extension.appex in Embed App Extensions */ = {isa = PBXBuildFile; fileRef = 8B22823620D591C8005493A5 /* bitcoin WatchKit Extension.appex */; settings = {ATTRIBUTES = (RemoveHeadersOnCopy, ); }; };
		8B22823C20D591C8005493A5 /* InterfaceController.swift in Sources */ = {isa = PBXBuildFile; fileRef = 8B22823B20D591C8005493A5 /* InterfaceController.swift */; };
		8B22823E20D591C8005493A5 /* ExtensionDelegate.swift in Sources */ = {isa = PBXBuildFile; fileRef = 8B22823D20D591C8005493A5 /* ExtensionDelegate.swift */; };
		8B22824020D591C8005493A5 /* NotificationController.swift in Sources */ = {isa = PBXBuildFile; fileRef = 8B22823F20D591C8005493A5 /* NotificationController.swift */; };
		8B22824220D591C8005493A5 /* Assets.xcassets in Resources */ = {isa = PBXBuildFile; fileRef = 8B22824120D591C8005493A5 /* Assets.xcassets */; };
/* End PBXBuildFile section */

/* Begin PBXContainerItemProxy section */
		8B22822920D591C8005493A5 /* PBXContainerItemProxy */ = {
			isa = PBXContainerItemProxy;
			containerPortal = 8B22820D20D591C8005493A5 /* Project object */;
			proxyType = 1;
			remoteGlobalIDString = 8B22822620D591C8005493A5;
			remoteInfo = "bitcoin WatchKit App";
		};
		8B22823820D591C8005493A5 /* PBXContainerItemProxy */ = {
			isa = PBXContainerItemProxy;
			containerPortal = 8B22820D20D591C8005493A5 /* Project object */;
			proxyType = 1;
			remoteGlobalIDString = 8B22823520D591C8005493A5;
			remoteInfo = "bitcoin WatchKit Extension";
		};
/* End PBXContainerItemProxy section */

/* Begin PBXCopyFilesBuildPhase section */
		8B22824A20D591C8005493A5 /* Embed App Extensions */ = {
			isa = PBXCopyFilesBuildPhase;
			buildActionMask = 2147483647;
			dstPath = "";
			dstSubfolderSpec = 13;
			files = (
				8B22823720D591C8005493A5 /* bitcoin WatchKit Extension.appex in Embed App Extensions */,
			);
			name = "Embed App Extensions";
			runOnlyForDeploymentPostprocessing = 0;
		};
		8B22824E20D591C8005493A5 /* Embed Watch Content */ = {
			isa = PBXCopyFilesBuildPhase;
			buildActionMask = 2147483647;
			dstPath = "$(CONTENTS_FOLDER_PATH)/Watch";
			dstSubfolderSpec = 16;
			files = (
				8B22822820D591C8005493A5 /* bitcoin WatchKit App.app in Embed Watch Content */,
			);
			name = "Embed Watch Content";
			runOnlyForDeploymentPostprocessing = 0;
		};
/* End PBXCopyFilesBuildPhase section */

/* Begin PBXFileReference section */
		8B22821520D591C8005493A5 /* bitcoin.app */ = {isa = PBXFileReference; explicitFileType = wrapper.application; includeInIndex = 0; path = bitcoin.app; sourceTree = BUILT_PRODUCTS_DIR; };
		8B22821820D591C8005493A5 /* AppDelegate.swift */ = {isa = PBXFileReference; lastKnownFileType = sourcecode.swift; path = AppDelegate.swift; sourceTree = "<group>"; };
		8B22821A20D591C8005493A5 /* ViewController.swift */ = {isa = PBXFileReference; lastKnownFileType = sourcecode.swift; path = ViewController.swift; sourceTree = "<group>"; };
		8B22821D20D591C8005493A5 /* Base */ = {isa = PBXFileReference; lastKnownFileType = file.storyboard; name = Base; path = Base.lproj/Main.storyboard; sourceTree = "<group>"; };
		8B22821F20D591C8005493A5 /* Assets.xcassets */ = {isa = PBXFileReference; lastKnownFileType = folder.assetcatalog; path = Assets.xcassets; sourceTree = "<group>"; };
		8B22822220D591C8005493A5 /* Base */ = {isa = PBXFileReference; lastKnownFileType = file.storyboard; name = Base; path = Base.lproj/LaunchScreen.storyboard; sourceTree = "<group>"; };
		8B22822420D591C8005493A5 /* Info.plist */ = {isa = PBXFileReference; lastKnownFileType = text.plist.xml; path = Info.plist; sourceTree = "<group>"; };
		8B22822720D591C8005493A5 /* bitcoin WatchKit App.app */ = {isa = PBXFileReference; explicitFileType = wrapper.application; includeInIndex = 0; path = "bitcoin WatchKit App.app"; sourceTree = BUILT_PRODUCTS_DIR; };
		8B22822D20D591C8005493A5 /* Base */ = {isa = PBXFileReference; lastKnownFileType = file.storyboard; name = Base; path = Base.lproj/Interface.storyboard; sourceTree = "<group>"; };
		8B22822F20D591C8005493A5 /* Assets.xcassets */ = {isa = PBXFileReference; lastKnownFileType = folder.assetcatalog; path = Assets.xcassets; sourceTree = "<group>"; };
		8B22823120D591C8005493A5 /* Info.plist */ = {isa = PBXFileReference; lastKnownFileType = text.plist.xml; path = Info.plist; sourceTree = "<group>"; };
		8B22823620D591C8005493A5 /* bitcoin WatchKit Extension.appex */ = {isa = PBXFileReference; explicitFileType = "wrapper.app-extension"; includeInIndex = 0; path = "bitcoin WatchKit Extension.appex"; sourceTree = BUILT_PRODUCTS_DIR; };
		8B22823B20D591C8005493A5 /* InterfaceController.swift */ = {isa = PBXFileReference; lastKnownFileType = sourcecode.swift; path = InterfaceController.swift; sourceTree = "<group>"; };
		8B22823D20D591C8005493A5 /* ExtensionDelegate.swift */ = {isa = PBXFileReference; lastKnownFileType = sourcecode.swift; path = ExtensionDelegate.swift; sourceTree = "<group>"; };
		8B22823F20D591C8005493A5 /* NotificationController.swift */ = {isa = PBXFileReference; lastKnownFileType = sourcecode.swift; path = NotificationController.swift; sourceTree = "<group>"; };
		8B22824120D591C8005493A5 /* Assets.xcassets */ = {isa = PBXFileReference; lastKnownFileType = folder.assetcatalog; path = Assets.xcassets; sourceTree = "<group>"; };
		8B22824320D591C8005493A5 /* Info.plist */ = {isa = PBXFileReference; lastKnownFileType = text.plist.xml; path = Info.plist; sourceTree = "<group>"; };
		8B22824420D591C8005493A5 /* PushNotificationPayload.apns */ = {isa = PBXFileReference; lastKnownFileType = text; path = PushNotificationPayload.apns; sourceTree = "<group>"; };
/* End PBXFileReference section */

/* Begin PBXFrameworksBuildPhase section */
		8B22821220D591C8005493A5 /* Frameworks */ = {
			isa = PBXFrameworksBuildPhase;
			buildActionMask = 2147483647;
			files = (
			);
			runOnlyForDeploymentPostprocessing = 0;
		};
		8B22823320D591C8005493A5 /* Frameworks */ = {
			isa = PBXFrameworksBuildPhase;
			buildActionMask = 2147483647;
			files = (
			);
			runOnlyForDeploymentPostprocessing = 0;
		};
/* End PBXFrameworksBuildPhase section */

/* Begin PBXGroup section */
		8B22820C20D591C8005493A5 = {
			isa = PBXGroup;
			children = (
				8B22821720D591C8005493A5 /* bitcoin */,
				8B22822B20D591C8005493A5 /* bitcoin WatchKit App */,
				8B22823A20D591C8005493A5 /* bitcoin WatchKit Extension */,
				8B22821620D591C8005493A5 /* Products */,
			);
			sourceTree = "<group>";
		};
		8B22821620D591C8005493A5 /* Products */ = {
			isa = PBXGroup;
			children = (
				8B22821520D591C8005493A5 /* bitcoin.app */,
				8B22822720D591C8005493A5 /* bitcoin WatchKit App.app */,
				8B22823620D591C8005493A5 /* bitcoin WatchKit Extension.appex */,
			);
			name = Products;
			sourceTree = "<group>";
		};
		8B22821720D591C8005493A5 /* bitcoin */ = {
			isa = PBXGroup;
			children = (
				8B22821820D591C8005493A5 /* AppDelegate.swift */,
				8B22821A20D591C8005493A5 /* ViewController.swift */,
				8B22821C20D591C8005493A5 /* Main.storyboard */,
				8B22821F20D591C8005493A5 /* Assets.xcassets */,
				8B22822120D591C8005493A5 /* LaunchScreen.storyboard */,
				8B22822420D591C8005493A5 /* Info.plist */,
			);
			path = bitcoin;
			sourceTree = "<group>";
		};
		8B22822B20D591C8005493A5 /* bitcoin WatchKit App */ = {
			isa = PBXGroup;
			children = (
				8B22822C20D591C8005493A5 /* Interface.storyboard */,
				8B22822F20D591C8005493A5 /* Assets.xcassets */,
				8B22823120D591C8005493A5 /* Info.plist */,
			);
			path = "bitcoin WatchKit App";
			sourceTree = "<group>";
		};
		8B22823A20D591C8005493A5 /* bitcoin WatchKit Extension */ = {
			isa = PBXGroup;
			children = (
				8B22823B20D591C8005493A5 /* InterfaceController.swift */,
				8B22823D20D591C8005493A5 /* ExtensionDelegate.swift */,
				8B22823F20D591C8005493A5 /* NotificationController.swift */,
				8B22824120D591C8005493A5 /* Assets.xcassets */,
				8B22824320D591C8005493A5 /* Info.plist */,
				8B22824420D591C8005493A5 /* PushNotificationPayload.apns */,
			);
			path = "bitcoin WatchKit Extension";
			sourceTree = "<group>";
		};
/* End PBXGroup section */

/* Begin PBXNativeTarget section */
		8B22821420D591C8005493A5 /* bitcoin */ = {
			isa = PBXNativeTarget;
			buildConfigurationList = 8B22824F20D591C8005493A5 /* Build configuration list for PBXNativeTarget "bitcoin" */;
			buildPhases = (
				8B22821120D591C8005493A5 /* Sources */,
				8B22821220D591C8005493A5 /* Frameworks */,
				8B22821320D591C8005493A5 /* Resources */,
				8B22824E20D591C8005493A5 /* Embed Watch Content */,
			);
			buildRules = (
			);
			dependencies = (
				8B22822A20D591C8005493A5 /* PBXTargetDependency */,
			);
			name = bitcoin;
			productName = bitcoin;
			productReference = 8B22821520D591C8005493A5 /* bitcoin.app */;
			productType = "com.apple.product-type.application";
		};
		8B22822620D591C8005493A5 /* bitcoin WatchKit App */ = {
			isa = PBXNativeTarget;
			buildConfigurationList = 8B22824B20D591C8005493A5 /* Build configuration list for PBXNativeTarget "bitcoin WatchKit App" */;
			buildPhases = (
				8B22822520D591C8005493A5 /* Resources */,
				8B22824A20D591C8005493A5 /* Embed App Extensions */,
			);
			buildRules = (
			);
			dependencies = (
				8B22823920D591C8005493A5 /* PBXTargetDependency */,
			);
			name = "bitcoin WatchKit App";
			productName = "bitcoin WatchKit App";
			productReference = 8B22822720D591C8005493A5 /* bitcoin WatchKit App.app */;
			productType = "com.apple.product-type.application.watchapp2";
		};
		8B22823520D591C8005493A5 /* bitcoin WatchKit Extension */ = {
			isa = PBXNativeTarget;
			buildConfigurationList = 8B22824720D591C8005493A5 /* Build configuration list for PBXNativeTarget "bitcoin WatchKit Extension" */;
			buildPhases = (
				8B22823220D591C8005493A5 /* Sources */,
				8B22823320D591C8005493A5 /* Frameworks */,
				8B22823420D591C8005493A5 /* Resources */,
			);
			buildRules = (
			);
			dependencies = (
			);
			name = "bitcoin WatchKit Extension";
			productName = "bitcoin WatchKit Extension";
			productReference = 8B22823620D591C8005493A5 /* bitcoin WatchKit Extension.appex */;
			productType = "com.apple.product-type.watchkit2-extension";
		};
/* End PBXNativeTarget section */

/* Begin PBXProject section */
		8B22820D20D591C8005493A5 /* Project object */ = {
			isa = PBXProject;
			attributes = {
				LastSwiftUpdateCheck = 0910;
				LastUpgradeCheck = 0910;
				ORGANIZATIONNAME = LeandroEstrada;
				TargetAttributes = {
					8B22821420D591C8005493A5 = {
						CreatedOnToolsVersion = 9.1;
						ProvisioningStyle = Automatic;
					};
					8B22822620D591C8005493A5 = {
						CreatedOnToolsVersion = 9.1;
						ProvisioningStyle = Automatic;
					};
					8B22823520D591C8005493A5 = {
						CreatedOnToolsVersion = 9.1;
						ProvisioningStyle = Automatic;
					};
				};
			};
			buildConfigurationList = 8B22821020D591C8005493A5 /* Build configuration list for PBXProject "bitcoin" */;
			compatibilityVersion = "Xcode 8.0";
			developmentRegion = en;
			hasScannedForEncodings = 0;
			knownRegions = (
				en,
				Base,
			);
			mainGroup = 8B22820C20D591C8005493A5;
			productRefGroup = 8B22821620D591C8005493A5 /* Products */;
			projectDirPath = "";
			projectRoot = "";
			targets = (
				8B22821420D591C8005493A5 /* bitcoin */,
				8B22822620D591C8005493A5 /* bitcoin WatchKit App */,
				8B22823520D591C8005493A5 /* bitcoin WatchKit Extension */,
			);
		};
/* End PBXProject section */

/* Begin PBXResourcesBuildPhase section */
		8B22821320D591C8005493A5 /* Resources */ = {
			isa = PBXResourcesBuildPhase;
			buildActionMask = 2147483647;
			files = (
				8B22822320D591C8005493A5 /* LaunchScreen.storyboard in Resources */,
				8B22822020D591C8005493A5 /* Assets.xcassets in Resources */,
				8B22821E20D591C8005493A5 /* Main.storyboard in Resources */,
			);
			runOnlyForDeploymentPostprocessing = 0;
		};
		8B22822520D591C8005493A5 /* Resources */ = {
			isa = PBXResourcesBuildPhase;
			buildActionMask = 2147483647;
			files = (
				8B22823020D591C8005493A5 /* Assets.xcassets in Resources */,
				8B22822E20D591C8005493A5 /* Interface.storyboard in Resources */,
			);
			runOnlyForDeploymentPostprocessing = 0;
		};
		8B22823420D591C8005493A5 /* Resources */ = {
			isa = PBXResourcesBuildPhase;
			buildActionMask = 2147483647;
			files = (
				8B22824220D591C8005493A5 /* Assets.xcassets in Resources */,
			);
			runOnlyForDeploymentPostprocessing = 0;
		};
/* End PBXResourcesBuildPhase section */

/* Begin PBXSourcesBuildPhase section */
		8B22821120D591C8005493A5 /* Sources */ = {
			isa = PBXSourcesBuildPhase;
			buildActionMask = 2147483647;
			files = (
				8B22821B20D591C8005493A5 /* ViewController.swift in Sources */,
				8B22821920D591C8005493A5 /* AppDelegate.swift in Sources */,
			);
			runOnlyForDeploymentPostprocessing = 0;
		};
		8B22823220D591C8005493A5 /* Sources */ = {
			isa = PBXSourcesBuildPhase;
			buildActionMask = 2147483647;
			files = (
				8B22824020D591C8005493A5 /* NotificationController.swift in Sources */,
				8B22823E20D591C8005493A5 /* ExtensionDelegate.swift in Sources */,
				8B22823C20D591C8005493A5 /* InterfaceController.swift in Sources */,
			);
			runOnlyForDeploymentPostprocessing = 0;
		};
/* End PBXSourcesBuildPhase section */

/* Begin PBXTargetDependency section */
		8B22822A20D591C8005493A5 /* PBXTargetDependency */ = {
			isa = PBXTargetDependency;
			target = 8B22822620D591C8005493A5 /* bitcoin WatchKit App */;
			targetProxy = 8B22822920D591C8005493A5 /* PBXContainerItemProxy */;
		};
		8B22823920D591C8005493A5 /* PBXTargetDependency */ = {
			isa = PBXTargetDependency;
			target = 8B22823520D591C8005493A5 /* bitcoin WatchKit Extension */;
			targetProxy = 8B22823820D591C8005493A5 /* PBXContainerItemProxy */;
		};
/* End PBXTargetDependency section */

/* Begin PBXVariantGroup section */
		8B22821C20D591C8005493A5 /* Main.storyboard */ = {
			isa = PBXVariantGroup;
			children = (
				8B22821D20D591C8005493A5 /* Base */,
			);
			name = Main.storyboard;
			sourceTree = "<group>";
		};
		8B22822120D591C8005493A5 /* LaunchScreen.storyboard */ = {
			isa = PBXVariantGroup;
			children = (
				8B22822220D591C8005493A5 /* Base */,
			);
			name = LaunchScreen.storyboard;
			sourceTree = "<group>";
		};
		8B22822C20D591C8005493A5 /* Interface.storyboard */ = {
			isa = PBXVariantGroup;
			children = (
				8B22822D20D591C8005493A5 /* Base */,
			);
			name = Interface.storyboard;
			sourceTree = "<group>";
		};
/* End PBXVariantGroup section */

/* Begin XCBuildConfiguration section */
		8B22824520D591C8005493A5 /* Debug */ = {
			isa = XCBuildConfiguration;
			buildSettings = {
				ALWAYS_SEARCH_USER_PATHS = NO;
				CLANG_ANALYZER_NONNULL = YES;
				CLANG_ANALYZER_NUMBER_OBJECT_CONVERSION = YES_AGGRESSIVE;
				CLANG_CXX_LANGUAGE_STANDARD = "gnu++14";
				CLANG_CXX_LIBRARY = "libc++";
				CLANG_ENABLE_MODULES = YES;
				CLANG_ENABLE_OBJC_ARC = YES;
				CLANG_WARN_BLOCK_CAPTURE_AUTORELEASING = YES;
				CLANG_WARN_BOOL_CONVERSION = YES;
				CLANG_WARN_COMMA = YES;
				CLANG_WARN_CONSTANT_CONVERSION = YES;
				CLANG_WARN_DIRECT_OBJC_ISA_USAGE = YES_ERROR;
				CLANG_WARN_DOCUMENTATION_COMMENTS = YES;
				CLANG_WARN_EMPTY_BODY = YES;
				CLANG_WARN_ENUM_CONVERSION = YES;
				CLANG_WARN_INFINITE_RECURSION = YES;
				CLANG_WARN_INT_CONVERSION = YES;
				CLANG_WARN_NON_LITERAL_NULL_CONVERSION = YES;
				CLANG_WARN_OBJC_LITERAL_CONVERSION = YES;
				CLANG_WARN_OBJC_ROOT_CLASS = YES_ERROR;
				CLANG_WARN_RANGE_LOOP_ANALYSIS = YES;
				CLANG_WARN_STRICT_PROTOTYPES = YES;
				CLANG_WARN_SUSPICIOUS_MOVE = YES;
				CLANG_WARN_UNGUARDED_AVAILABILITY = YES_AGGRESSIVE;
				CLANG_WARN_UNREACHABLE_CODE = YES;
				CLANG_WARN__DUPLICATE_METHOD_MATCH = YES;
				CODE_SIGN_IDENTITY = "iPhone Developer";
				COPY_PHASE_STRIP = NO;
				DEBUG_INFORMATION_FORMAT = dwarf;
				ENABLE_STRICT_OBJC_MSGSEND = YES;
				ENABLE_TESTABILITY = YES;
				GCC_C_LANGUAGE_STANDARD = gnu11;
				GCC_DYNAMIC_NO_PIC = NO;
				GCC_NO_COMMON_BLOCKS = YES;
				GCC_OPTIMIZATION_LEVEL = 0;
				GCC_PREPROCESSOR_DEFINITIONS = (
					"DEBUG=1",
					"$(inherited)",
				);
				GCC_WARN_64_TO_32_BIT_CONVERSION = YES;
				GCC_WARN_ABOUT_RETURN_TYPE = YES_ERROR;
				GCC_WARN_UNDECLARED_SELECTOR = YES;
				GCC_WARN_UNINITIALIZED_AUTOS = YES_AGGRESSIVE;
				GCC_WARN_UNUSED_FUNCTION = YES;
				GCC_WARN_UNUSED_VARIABLE = YES;
				IPHONEOS_DEPLOYMENT_TARGET = 11.1;
				MTL_ENABLE_DEBUG_INFO = YES;
				ONLY_ACTIVE_ARCH = YES;
				SDKROOT = iphoneos;
				SWIFT_ACTIVE_COMPILATION_CONDITIONS = DEBUG;
				SWIFT_OPTIMIZATION_LEVEL = "-Onone";
			};
			name = Debug;
		};
		8B22824620D591C8005493A5 /* Release */ = {
			isa = XCBuildConfiguration;
			buildSettings = {
				ALWAYS_SEARCH_USER_PATHS = NO;
				CLANG_ANALYZER_NONNULL = YES;
				CLANG_ANALYZER_NUMBER_OBJECT_CONVERSION = YES_AGGRESSIVE;
				CLANG_CXX_LANGUAGE_STANDARD = "gnu++14";
				CLANG_CXX_LIBRARY = "libc++";
				CLANG_ENABLE_MODULES = YES;
				CLANG_ENABLE_OBJC_ARC = YES;
				CLANG_WARN_BLOCK_CAPTURE_AUTORELEASING = YES;
				CLANG_WARN_BOOL_CONVERSION = YES;
				CLANG_WARN_COMMA = YES;
				CLANG_WARN_CONSTANT_CONVERSION = YES;
				CLANG_WARN_DIRECT_OBJC_ISA_USAGE = YES_ERROR;
				CLANG_WARN_DOCUMENTATION_COMMENTS = YES;
				CLANG_WARN_EMPTY_BODY = YES;
				CLANG_WARN_ENUM_CONVERSION = YES;
				CLANG_WARN_INFINITE_RECURSION = YES;
				CLANG_WARN_INT_CONVERSION = YES;
				CLANG_WARN_NON_LITERAL_NULL_CONVERSION = YES;
				CLANG_WARN_OBJC_LITERAL_CONVERSION = YES;
				CLANG_WARN_OBJC_ROOT_CLASS = YES_ERROR;
				CLANG_WARN_RANGE_LOOP_ANALYSIS = YES;
				CLANG_WARN_STRICT_PROTOTYPES = YES;
				CLANG_WARN_SUSPICIOUS_MOVE = YES;
				CLANG_WARN_UNGUARDED_AVAILABILITY = YES_AGGRESSIVE;
				CLANG_WARN_UNREACHABLE_CODE = YES;
				CLANG_WARN__DUPLICATE_METHOD_MATCH = YES;
				CODE_SIGN_IDENTITY = "iPhone Developer";
				COPY_PHASE_STRIP = NO;
				DEBUG_INFORMATION_FORMAT = "dwarf-with-dsym";
				ENABLE_NS_ASSERTIONS = NO;
				ENABLE_STRICT_OBJC_MSGSEND = YES;
				GCC_C_LANGUAGE_STANDARD = gnu11;
				GCC_NO_COMMON_BLOCKS = YES;
				GCC_WARN_64_TO_32_BIT_CONVERSION = YES;
				GCC_WARN_ABOUT_RETURN_TYPE = YES_ERROR;
				GCC_WARN_UNDECLARED_SELECTOR = YES;
				GCC_WARN_UNINITIALIZED_AUTOS = YES_AGGRESSIVE;
				GCC_WARN_UNUSED_FUNCTION = YES;
				GCC_WARN_UNUSED_VARIABLE = YES;
				IPHONEOS_DEPLOYMENT_TARGET = 11.1;
				MTL_ENABLE_DEBUG_INFO = NO;
				SDKROOT = iphoneos;
				SWIFT_OPTIMIZATION_LEVEL = "-Owholemodule";
				VALIDATE_PRODUCT = YES;
			};
			name = Release;
		};
		8B22824820D591C8005493A5 /* Debug */ = {
			isa = XCBuildConfiguration;
			buildSettings = {
				ASSETCATALOG_COMPILER_COMPLICATION_NAME = Complication;
				CODE_SIGN_STYLE = Automatic;
				DEVELOPMENT_TEAM = 5F3426985K;
				INFOPLIST_FILE = "bitcoin WatchKit Extension/Info.plist";
				LD_RUNPATH_SEARCH_PATHS = "$(inherited) @executable_path/Frameworks @executable_path/../../Frameworks";
				PRODUCT_BUNDLE_IDENTIFIER = com.leandroestrada.bitcoin.watchkitapp.watchkitextension;
				PRODUCT_NAME = "${TARGET_NAME}";
				SDKROOT = watchos;
				SKIP_INSTALL = YES;
				SWIFT_VERSION = 4.0;
				TARGETED_DEVICE_FAMILY = 4;
				WATCHOS_DEPLOYMENT_TARGET = 4.1;
			};
			name = Debug;
		};
		8B22824920D591C8005493A5 /* Release */ = {
			isa = XCBuildConfiguration;
			buildSettings = {
				ASSETCATALOG_COMPILER_COMPLICATION_NAME = Complication;
				CODE_SIGN_STYLE = Automatic;
				DEVELOPMENT_TEAM = 5F3426985K;
				INFOPLIST_FILE = "bitcoin WatchKit Extension/Info.plist";
				LD_RUNPATH_SEARCH_PATHS = "$(inherited) @executable_path/Frameworks @executable_path/../../Frameworks";
				PRODUCT_BUNDLE_IDENTIFIER = com.leandroestrada.bitcoin.watchkitapp.watchkitextension;
				PRODUCT_NAME = "${TARGET_NAME}";
				SDKROOT = watchos;
				SKIP_INSTALL = YES;
				SWIFT_VERSION = 4.0;
				TARGETED_DEVICE_FAMILY = 4;
				WATCHOS_DEPLOYMENT_TARGET = 4.1;
			};
			name = Release;
		};
		8B22824C20D591C8005493A5 /* Debug */ = {
			isa = XCBuildConfiguration;
			buildSettings = {
				ALWAYS_EMBED_SWIFT_STANDARD_LIBRARIES = YES;
				ASSETCATALOG_COMPILER_APPICON_NAME = AppIcon;
				CODE_SIGN_STYLE = Automatic;
				DEVELOPMENT_TEAM = 5F3426985K;
				IBSC_MODULE = bitcoin_WatchKit_Extension;
				INFOPLIST_FILE = "bitcoin WatchKit App/Info.plist";
				PRODUCT_BUNDLE_IDENTIFIER = com.leandroestrada.bitcoin.watchkitapp;
				PRODUCT_NAME = "$(TARGET_NAME)";
				SDKROOT = watchos;
				SKIP_INSTALL = YES;
				SWIFT_VERSION = 4.0;
				TARGETED_DEVICE_FAMILY = 4;
				WATCHOS_DEPLOYMENT_TARGET = 4.1;
			};
			name = Debug;
		};
		8B22824D20D591C8005493A5 /* Release */ = {
			isa = XCBuildConfiguration;
			buildSettings = {
				ALWAYS_EMBED_SWIFT_STANDARD_LIBRARIES = YES;
				ASSETCATALOG_COMPILER_APPICON_NAME = AppIcon;
				CODE_SIGN_STYLE = Automatic;
				DEVELOPMENT_TEAM = 5F3426985K;
				IBSC_MODULE = bitcoin_WatchKit_Extension;
				INFOPLIST_FILE = "bitcoin WatchKit App/Info.plist";
				PRODUCT_BUNDLE_IDENTIFIER = com.leandroestrada.bitcoin.watchkitapp;
				PRODUCT_NAME = "$(TARGET_NAME)";
				SDKROOT = watchos;
				SKIP_INSTALL = YES;
				SWIFT_VERSION = 4.0;
				TARGETED_DEVICE_FAMILY = 4;
				WATCHOS_DEPLOYMENT_TARGET = 4.1;
			};
			name = Release;
		};
		8B22825020D591C8005493A5 /* Debug */ = {
			isa = XCBuildConfiguration;
			buildSettings = {
				ASSETCATALOG_COMPILER_APPICON_NAME = AppIcon;
				CODE_SIGN_STYLE = Automatic;
				DEVELOPMENT_TEAM = 5F3426985K;
				INFOPLIST_FILE = bitcoin/Info.plist;
				LD_RUNPATH_SEARCH_PATHS = "$(inherited) @executable_path/Frameworks";
				PRODUCT_BUNDLE_IDENTIFIER = com.leandroestrada.bitcoin;
				PRODUCT_NAME = "$(TARGET_NAME)";
				SWIFT_VERSION = 4.0;
				TARGETED_DEVICE_FAMILY = "1,2";
			};
			name = Debug;
		};
		8B22825120D591C8005493A5 /* Release */ = {
			isa = XCBuildConfiguration;
			buildSettings = {
				ASSETCATALOG_COMPILER_APPICON_NAME = AppIcon;
				CODE_SIGN_STYLE = Automatic;
				DEVELOPMENT_TEAM = 5F3426985K;
				INFOPLIST_FILE = bitcoin/Info.plist;
				LD_RUNPATH_SEARCH_PATHS = "$(inherited) @executable_path/Frameworks";
				PRODUCT_BUNDLE_IDENTIFIER = com.leandroestrada.bitcoin;
				PRODUCT_NAME = "$(TARGET_NAME)";
				SWIFT_VERSION = 4.0;
				TARGETED_DEVICE_FAMILY = "1,2";
			};
			name = Release;
		};
/* End XCBuildConfiguration section */

/* Begin XCConfigurationList section */
		8B22821020D591C8005493A5 /* Build configuration list for PBXProject "bitcoin" */ = {
			isa = XCConfigurationList;
			buildConfigurations = (
				8B22824520D591C8005493A5 /* Debug */,
				8B22824620D591C8005493A5 /* Release */,
			);
			defaultConfigurationIsVisible = 0;
			defaultConfigurationName = Release;
		};
		8B22824720D591C8005493A5 /* Build configuration list for PBXNativeTarget "bitcoin WatchKit Extension" */ = {
			isa = XCConfigurationList;
			buildConfigurations = (
				8B22824820D591C8005493A5 /* Debug */,
				8B22824920D591C8005493A5 /* Release */,
			);
			defaultConfigurationIsVisible = 0;
			defaultConfigurationName = Release;
		};
		8B22824B20D591C8005493A5 /* Build configuration list for PBXNativeTarget "bitcoin WatchKit App" */ = {
			isa = XCConfigurationList;
			buildConfigurations = (
				8B22824C20D591C8005493A5 /* Debug */,
				8B22824D20D591C8005493A5 /* Release */,
			);
			defaultConfigurationIsVisible = 0;
			defaultConfigurationName = Release;
		};
		8B22824F20D591C8005493A5 /* Build configuration list for PBXNativeTarget "bitcoin" */ = {
			isa = XCConfigurationList;
			buildConfigurations = (
				8B22825020D591C8005493A5 /* Debug */,
				8B22825120D591C8005493A5 /* Release */,
			);
			defaultConfigurationIsVisible = 0;
			defaultConfigurationName = Release;
		};
/* End XCConfigurationList section */
	};
	rootObject = 8B22820D20D591C8005493A5 /* Project object */;
}
